
Microsoft Visual Studio Solution File, Format Version 11.00
# Visual Studio 2010
Project("{FAE04EC0-301F-11D3-BF4B-00C04F79EFBC}") = "QuickStarts", "QuickStarts\QuickStarts.csproj", "{8840CBB9-71AD-4CD8-81A2-A28627941B2D}"
EndProject
Project("{2150E333-8FDC-42A3-9474-1A3956D46DE8}") = "WindowOS", "WindowOS", "{071E8697-698A-4198-AB18-21B518851F43}"
EndProject
Project("{2150E333-8FDC-42A3-9474-1A3956D46DE8}") = "Modularity", "Modularity", "{46052DB9-63E7-49A6-BDCC-14A301FA1EDF}"
EndProject
Project("{FAE04EC0-301F-11D3-BF4B-00C04F79EFBC}") = "WindowOS.Modularity", "WindowOS.Modularity\WindowOS.Modularity.csproj", "{15D85C4B-6657-4E80-B837-4326E5E4A66B}"
EndProject
Project("{FAE04EC0-301F-11D3-BF4B-00C04F79EFBC}") = "WindowOS.Modularity.lib", "WindowOS.Modularity.lib\WindowOS.Modularity.lib.csproj", "{3B59E64F-040A-42AF-92C8-A29B301CBBE0}"
EndProject
Project("{FAE04EC0-301F-11D3-BF4B-00C04F79EFBC}") = "Frame", "..\..\Frame\Frame.csproj", "{8B036562-14D2-4F65-A54D-18C950E82836}"
EndProject
Global
	GlobalSection(SolutionConfigurationPlatforms) = preSolution
		Debug|Any CPU = Debug|Any CPU
		Debug|Mixed Platforms = Debug|Mixed Platforms
		Debug|x86 = Debug|x86
		Release|Any CPU = Release|Any CPU
		Release|Mixed Platforms = Release|Mixed Platforms
		Release|x86 = Release|x86
	EndGlobalSection
	GlobalSection(ProjectConfigurationPlatforms) = postSolution
		{8840CBB9-71AD-4CD8-81A2-A28627941B2D}.Debug|Any CPU.ActiveCfg = Debug|x86
		{8840CBB9-71AD-4CD8-81A2-A28627941B2D}.Debug|Mixed Platforms.ActiveCfg = Debug|x86
		{8840CBB9-71AD-4CD8-81A2-A28627941B2D}.Debug|Mixed Platforms.Build.0 = Debug|x86
		{8840CBB9-71AD-4CD8-81A2-A28627941B2D}.Debug|x86.ActiveCfg = Debug|x86
		{8840CBB9-71AD-4CD8-81A2-A28627941B2D}.Debug|x86.Build.0 = Debug|x86
		{8840CBB9-71AD-4CD8-81A2-A28627941B2D}.Release|Any CPU.ActiveCfg = Release|x86
		{8840CBB9-71AD-4CD8-81A2-A28627941B2D}.Release|Mixed Platforms.ActiveCfg = Release|x86
		{8840CBB9-71AD-4CD8-81A2-A28627941B2D}.Release|Mixed Platforms.Build.0 = Release|x86
		{8840CBB9-71AD-4CD8-81A2-A28627941B2D}.Release|x86.ActiveCfg = Release|x86
		{8840CBB9-71AD-4CD8-81A2-A28627941B2D}.Release|x86.Build.0 = Release|x86
		{15D85C4B-6657-4E80-B837-4326E5E4A66B}.Debug|Any CPU.ActiveCfg = Debug|x86
		{15D85C4B-6657-4E80-B837-4326E5E4A66B}.Debug|Mixed Platforms.ActiveCfg = Debug|x86
		{15D85C4B-6657-4E80-B837-4326E5E4A66B}.Debug|Mixed Platforms.Build.0 = Debug|x86
		{15D85C4B-6657-4E80-B837-4326E5E4A66B}.Debug|x86.ActiveCfg = Debug|x86
		{15D85C4B-6657-4E80-B837-4326E5E4A66B}.Debug|x86.Build.0 = Debug|x86
		{15D85C4B-6657-4E80-B837-4326E5E4A66B}.Release|Any CPU.ActiveCfg = Release|x86
		{15D85C4B-6657-4E80-B837-4326E5E4A66B}.Release|Mixed Platforms.ActiveCfg = Release|x86
		{15D85C4B-6657-4E80-B837-4326E5E4A66B}.Release|Mixed Platforms.Build.0 = Release|x86
		{15D85C4B-6657-4E80-B837-4326E5E4A66B}.Release|x86.ActiveCfg = Release|x86
		{15D85C4B-6657-4E80-B837-4326E5E4A66B}.Release|x86.Build.0 = Release|x86
		{3B59E64F-040A-42AF-92C8-A29B301CBBE0}.Debug|Any CPU.ActiveCfg = Debug|Any CPU
		{3B59E64F-040A-42AF-92C8-A29B301CBBE0}.Debug|Any CPU.Build.0 = Debug|Any CPU
		{3B59E64F-040A-42AF-92C8-A29B301CBBE0}.Debug|Mixed Platforms.ActiveCfg = Debug|Any CPU
		{3B59E64F-040A-42AF-92C8-A29B301CBBE0}.Debug|Mixed Platforms.Build.0 = Debug|Any CPU
		{3B59E64F-040A-42AF-92C8-A29B301CBBE0}.Debug|x86.ActiveCfg = Debug|Any CPU
		{3B59E64F-040A-42AF-92C8-A29B301CBBE0}.Release|Any CPU.ActiveCfg = Release|Any CPU
		{3B59E64F-040A-42AF-92C8-A29B301CBBE0}.Release|Any CPU.Build.0 = Release|Any CPU
		{3B59E64F-040A-42AF-92C8-A29B301CBBE0}.Release|Mixed Platforms.ActiveCfg = Release|Any CPU
		{3B59E64F-040A-42AF-92C8-A29B301CBBE0}.Release|Mixed Platforms.Build.0 = Release|Any CPU
		{3B59E64F-040A-42AF-92C8-A29B301CBBE0}.Release|x86.ActiveCfg = Release|Any CPU
		{8B036562-14D2-4F65-A54D-18C950E82836}.Debug|Any CPU.ActiveCfg = Debug|Any CPU
		{8B036562-14D2-4F65-A54D-18C950E82836}.Debug|Any CPU.Build.0 = Debug|Any CPU
		{8B036562-14D2-4F65-A54D-18C950E82836}.Debug|Mixed Platforms.ActiveCfg = Debug|Any CPU
		{8B036562-14D2-4F65-A54D-18C950E82836}.Debug|Mixed Platforms.Build.0 = Debug|Any CPU
		{8B036562-14D2-4F65-A54D-18C950E82836}.Debug|x86.ActiveCfg = Debug|Any CPU
		{8B036562-14D2-4F65-A54D-18C950E82836}.Release|Any CPU.ActiveCfg = Release|Any CPU
		{8B036562-14D2-4F65-A54D-18C950E82836}.Release|Any CPU.Build.0 = Release|Any CPU
		{8B036562-14D2-4F65-A54D-18C950E82836}.Release|Mixed Platforms.ActiveCfg = Release|Any CPU
		{8B036562-14D2-4F65-A54D-18C950E82836}.Release|Mixed Platforms.Build.0 = Release|Any CPU
		{8B036562-14D2-4F65-A54D-18C950E82836}.Release|x86.ActiveCfg = Release|Any CPU
	EndGlobalSection
	GlobalSection(SolutionProperties) = preSolution
		HideSolutionNode = FALSE
	EndGlobalSection
	GlobalSection(NestedProjects) = preSolution
		{46052DB9-63E7-49A6-BDCC-14A301FA1EDF} = {071E8697-698A-4198-AB18-21B518851F43}
		{15D85C4B-6657-4E80-B837-4326E5E4A66B} = {46052DB9-63E7-49A6-BDCC-14A301FA1EDF}
		{3B59E64F-040A-42AF-92C8-A29B301CBBE0} = {46052DB9-63E7-49A6-BDCC-14A301FA1EDF}
	EndGlobalSection
EndGlobal
